
Microsoft Visual Studio Solution File, Format Version 12.00
# Visual Studio 14
VisualStudioVersion = 14.0.23107.0
MinimumVisualStudioVersion = 10.0.40219.1
Project("{FAE04EC0-301F-11D3-BF4B-00C04F79EFBC}") = "OPCEventPushCsharp", "OPCEventPushCsharp\OPCEventPushCsharp.csproj", "{864FBCE3-541F-45F3-9459-ACDDD7C1F2C4}"
EndProject
Project("{FAE04EC0-301F-11D3-BF4B-00C04F79EFBC}") = "Syncer", "Syncer\Syncer.csproj", "{B4F2D512-A734-4DB7-BCAF-4E3B4C3428A5}"
EndProject
Project("{FAE04EC0-301F-11D3-BF4B-00C04F79EFBC}") = "log4net", "log4net-1.2.15\src\log4net.csproj", "{181FE707-E161-4722-9F38-6AAAB6FAA106}"
EndProject
Project("{2150E333-8FDC-42A3-9474-1A3956D46DE8}") = "plugins", "plugins", "{544463D3-48AD-4B71-85FC-29A5132ABBC7}"
EndProject
Project("{FAE04EC0-301F-11D3-BF4B-00C04F79EFBC}") = "DbPush", "DbPush\DbPush.csproj", "{8EE34371-FCEB-430A-A57A-A95846372B0A}"
EndProject
Project("{FAE04EC0-301F-11D3-BF4B-00C04F79EFBC}") = "WebApiPush", "WebApiPush\WebApiPush.csproj", "{D2A4F2F4-ED09-4216-BEB9-61B45CD233BC}"
EndProject
Project("{2150E333-8FDC-42A3-9474-1A3956D46DE8}") = "3rd", "3rd", "{CA4D96DF-F7CA-421E-BDD6-527CBB581BCC}"
EndProject
Project("{FAE04EC0-301F-11D3-BF4B-00C04F79EFBC}") = "FastReflection", "FastReflection\FastReflection.csproj", "{31AB1957-5CCA-4BBA-805A-718CB347F349}"
EndProject
Project("{FAE04EC0-301F-11D3-BF4B-00C04F79EFBC}") = "opcAsyncerService", "opcAsyncerService\opcAsyncerService.csproj", "{00CED9BF-04FF-484E-B5A3-E269D2EEF3CE}"
EndProject
Global
	GlobalSection(SolutionConfigurationPlatforms) = preSolution
		Debug|Any CPU = Debug|Any CPU
		Debug|x86 = Debug|x86
		Release|Any CPU = Release|Any CPU
		Release|x86 = Release|x86
	EndGlobalSection
	GlobalSection(ProjectConfigurationPlatforms) = postSolution
		{864FBCE3-541F-45F3-9459-ACDDD7C1F2C4}.Debug|Any CPU.ActiveCfg = Debug|Any CPU
		{864FBCE3-541F-45F3-9459-ACDDD7C1F2C4}.Debug|Any CPU.Build.0 = Debug|Any CPU
		{864FBCE3-541F-45F3-9459-ACDDD7C1F2C4}.Debug|x86.ActiveCfg = Debug|Any CPU
		{864FBCE3-541F-45F3-9459-ACDDD7C1F2C4}.Debug|x86.Build.0 = Debug|Any CPU
		{864FBCE3-541F-45F3-9459-ACDDD7C1F2C4}.Release|Any CPU.ActiveCfg = Release|Any CPU
		{864FBCE3-541F-45F3-9459-ACDDD7C1F2C4}.Release|Any CPU.Build.0 = Release|Any CPU
		{864FBCE3-541F-45F3-9459-ACDDD7C1F2C4}.Release|x86.ActiveCfg = Release|Any CPU
		{864FBCE3-541F-45F3-9459-ACDDD7C1F2C4}.Release|x86.Build.0 = Release|Any CPU
		{B4F2D512-A734-4DB7-BCAF-4E3B4C3428A5}.Debug|Any CPU.ActiveCfg = Debug|x86
		{B4F2D512-A734-4DB7-BCAF-4E3B4C3428A5}.Debug|x86.ActiveCfg = Debug|x86
		{B4F2D512-A734-4DB7-BCAF-4E3B4C3428A5}.Debug|x86.Build.0 = Debug|x86
		{B4F2D512-A734-4DB7-BCAF-4E3B4C3428A5}.Release|Any CPU.ActiveCfg = Release|x86
		{B4F2D512-A734-4DB7-BCAF-4E3B4C3428A5}.Release|x86.ActiveCfg = Release|x86
		{B4F2D512-A734-4DB7-BCAF-4E3B4C3428A5}.Release|x86.Build.0 = Release|x86
		{181FE707-E161-4722-9F38-6AAAB6FAA106}.Debug|Any CPU.ActiveCfg = Debug|Any CPU
		{181FE707-E161-4722-9F38-6AAAB6FAA106}.Debug|Any CPU.Build.0 = Debug|Any CPU
		{181FE707-E161-4722-9F38-6AAAB6FAA106}.Debug|x86.ActiveCfg = Debug|Any CPU
		{181FE707-E161-4722-9F38-6AAAB6FAA106}.Debug|x86.Build.0 = Debug|Any CPU
		{181FE707-E161-4722-9F38-6AAAB6FAA106}.Release|Any CPU.ActiveCfg = Release|Any CPU
		{181FE707-E161-4722-9F38-6AAAB6FAA106}.Release|Any CPU.Build.0 = Release|Any CPU
		{181FE707-E161-4722-9F38-6AAAB6FAA106}.Release|x86.ActiveCfg = Release|Any CPU
		{181FE707-E161-4722-9F38-6AAAB6FAA106}.Release|x86.Build.0 = Release|Any CPU
		{8EE34371-FCEB-430A-A57A-A95846372B0A}.Debug|Any CPU.ActiveCfg = Debug|Any CPU
		{8EE34371-FCEB-430A-A57A-A95846372B0A}.Debug|Any CPU.Build.0 = Debug|Any CPU
		{8EE34371-FCEB-430A-A57A-A95846372B0A}.Debug|x86.ActiveCfg = Debug|Any CPU
		{8EE34371-FCEB-430A-A57A-A95846372B0A}.Debug|x86.Build.0 = Debug|Any CPU
		{8EE34371-FCEB-430A-A57A-A95846372B0A}.Release|Any CPU.ActiveCfg = Release|Any CPU
		{8EE34371-FCEB-430A-A57A-A95846372B0A}.Release|Any CPU.Build.0 = Release|Any CPU
		{8EE34371-FCEB-430A-A57A-A95846372B0A}.Release|x86.ActiveCfg = Release|Any CPU
		{8EE34371-FCEB-430A-A57A-A95846372B0A}.Release|x86.Build.0 = Release|Any CPU
		{D2A4F2F4-ED09-4216-BEB9-61B45CD233BC}.Debug|Any CPU.ActiveCfg = Debug|Any CPU
		{D2A4F2F4-ED09-4216-BEB9-61B45CD233BC}.Debug|Any CPU.Build.0 = Debug|Any CPU
		{D2A4F2F4-ED09-4216-BEB9-61B45CD233BC}.Debug|x86.ActiveCfg = Debug|Any CPU
		{D2A4F2F4-ED09-4216-BEB9-61B45CD233BC}.Debug|x86.Build.0 = Debug|Any CPU
		{D2A4F2F4-ED09-4216-BEB9-61B45CD233BC}.Release|Any CPU.ActiveCfg = Release|Any CPU
		{D2A4F2F4-ED09-4216-BEB9-61B45CD233BC}.Release|Any CPU.Build.0 = Release|Any CPU
		{D2A4F2F4-ED09-4216-BEB9-61B45CD233BC}.Release|x86.ActiveCfg = Release|Any CPU
		{D2A4F2F4-ED09-4216-BEB9-61B45CD233BC}.Release|x86.Build.0 = Release|Any CPU
		{31AB1957-5CCA-4BBA-805A-718CB347F349}.Debug|Any CPU.ActiveCfg = Debug|Any CPU
		{31AB1957-5CCA-4BBA-805A-718CB347F349}.Debug|Any CPU.Build.0 = Debug|Any CPU
		{31AB1957-5CCA-4BBA-805A-718CB347F349}.Debug|x86.ActiveCfg = Debug|Any CPU
		{31AB1957-5CCA-4BBA-805A-718CB347F349}.Debug|x86.Build.0 = Debug|Any CPU
		{31AB1957-5CCA-4BBA-805A-718CB347F349}.Release|Any CPU.ActiveCfg = Release|Any CPU
		{31AB1957-5CCA-4BBA-805A-718CB347F349}.Release|Any CPU.Build.0 = Release|Any CPU
		{31AB1957-5CCA-4BBA-805A-718CB347F349}.Release|x86.ActiveCfg = Release|Any CPU
		{31AB1957-5CCA-4BBA-805A-718CB347F349}.Release|x86.Build.0 = Release|Any CPU
		{00CED9BF-04FF-484E-B5A3-E269D2EEF3CE}.Debug|Any CPU.ActiveCfg = Debug|x86
		{00CED9BF-04FF-484E-B5A3-E269D2EEF3CE}.Debug|x86.ActiveCfg = Debug|x86
		{00CED9BF-04FF-484E-B5A3-E269D2EEF3CE}.Debug|x86.Build.0 = Debug|x86
		{00CED9BF-04FF-484E-B5A3-E269D2EEF3CE}.Release|Any CPU.ActiveCfg = Release|x86
		{00CED9BF-04FF-484E-B5A3-E269D2EEF3CE}.Release|x86.ActiveCfg = Release|x86
		{00CED9BF-04FF-484E-B5A3-E269D2EEF3CE}.Release|x86.Build.0 = Release|x86
	EndGlobalSection
	GlobalSection(SolutionProperties) = preSolution
		HideSolutionNode = FALSE
	EndGlobalSection
	GlobalSection(NestedProjects) = preSolution
		{181FE707-E161-4722-9F38-6AAAB6FAA106} = {CA4D96DF-F7CA-421E-BDD6-527CBB581BCC}
		{8EE34371-FCEB-430A-A57A-A95846372B0A} = {544463D3-48AD-4B71-85FC-29A5132ABBC7}
		{D2A4F2F4-ED09-4216-BEB9-61B45CD233BC} = {544463D3-48AD-4B71-85FC-29A5132ABBC7}
		{31AB1957-5CCA-4BBA-805A-718CB347F349} = {CA4D96DF-F7CA-421E-BDD6-527CBB581BCC}
	EndGlobalSection
EndGlobal
